<?xml version="1.0" encoding="utf-8"?>
<Project ToolsVersion="4.0" xmlns="http://schemas.microsoft.com/developer/msbuild/2003">
  <ItemGroup>
    <ClCompile Include="stdafx.cpp" />
    <ClCompile Include="Main.cpp" />
    <ClCompile Include="Entities\Entity.cpp">
      <Filter>Entities</Filter>
    </ClCompile>
    <ClCompile Include="Entities\Player.cpp">
      <Filter>Entities</Filter>
    </ClCompile>
    <ClCompile Include="Entities\Ghost.cpp">
      <Filter>Entities</Filter>
    </ClCompile>
    <ClCompile Include="Maze\Cell.cpp">
      <Filter>Maze</Filter>
    </ClCompile>
    <ClCompile Include="Maze\Grid.cpp">
      <Filter>Maze</Filter>
    </ClCompile>
    <ClCompile Include="Maze\GridRef.cpp">
      <Filter>Maze</Filter>
    </ClCompile>
    <ClCompile Include="Maze\Direction.cpp">
      <Filter>Maze</Filter>
    </ClCompile>
    <ClCompile Include="GhostTargets\BlinkyTarget.cpp">
      <Filter>GhostTargets</Filter>
    </ClCompile>
    <ClCompile Include="GhostTargets\PinkyTarget.cpp">
      <Filter>GhostTargets</Filter>
    </ClCompile>
    <ClCompile Include="GhostTargets\InkyTarget.cpp">
      <Filter>GhostTargets</Filter>
    </ClCompile>
    <ClCompile Include="GhostTargets\ClydeTarget.cpp">
      <Filter>GhostTargets</Filter>
    </ClCompile>
    <ClCompile Include="Maze\Movement.cpp">
      <Filter>Maze</Filter>
    </ClCompile>
    <ClCompile Include="GhostTargets\FixedTarget.cpp">
      <Filter>GhostTargets</Filter>
    </ClCompile>
    <ClCompile Include="Maze\Maze.cpp">
      <Filter>Maze</Filter>
    </ClCompile>
    <ClCompile Include="Core\AnimatedSprite.cpp">
      <Filter>Core</Filter>
    </ClCompile>
    <ClCompile Include="Core\Sound.cpp">
      <Filter>Core</Filter>
    </ClCompile>
    <ClCompile Include="Core\Sprite.cpp">
      <Filter>Core</Filter>
    </ClCompile>
    <ClCompile Include="Game\Game.cpp">
      <Filter>Game</Filter>
    </ClCompile>
    <ClCompile Include="Game\Level.cpp">
      <Filter>Game</Filter>
    </ClCompile>
    <ClCompile Include="Game\Hud.cpp">
      <Filter>Game</Filter>
    </ClCompile>
    <ClCompile Include="Game\ScoreManager.cpp">
      <Filter>Game</Filter>
    </ClCompile>
    <ClCompile Include="Maze\BaseMovement.cpp">
      <Filter>Maze</Filter>
    </ClCompile>
    <ClCompile Include="Maze\Base.cpp">
      <Filter>Maze</Filter>
    </ClCompile>
    <ClCompile Include="Game\GlobalSettings.cpp">
      <Filter>Game</Filter>
    </ClCompile>
  </ItemGroup>
  <ItemGroup>
    <ClInclude Include="stdafx.h" />
    <ClInclude Include="Entities\Entity.h">
      <Filter>Entities</Filter>
    </ClInclude>
    <ClInclude Include="Entities\Player.h">
      <Filter>Entities</Filter>
    </ClInclude>
    <ClInclude Include="Entities\Ghost.h">
      <Filter>Entities</Filter>
    </ClInclude>
    <ClInclude Include="Maze\Cell.h">
      <Filter>Maze</Filter>
    </ClInclude>
    <ClInclude Include="Maze\Grid.h">
      <Filter>Maze</Filter>
    </ClInclude>
    <ClInclude Include="Maze\GridRef.h">
      <Filter>Maze</Filter>
    </ClInclude>
    <ClInclude Include="Maze\Direction.h">
      <Filter>Maze</Filter>
    </ClInclude>
    <ClInclude Include="GhostTargets\IGhostTarget.h">
      <Filter>GhostTargets</Filter>
    </ClInclude>
    <ClInclude Include="GhostTargets\BlinkyTarget.h">
      <Filter>GhostTargets</Filter>
    </ClInclude>
    <ClInclude Include="GhostTargets\PinkyTarget.h">
      <Filter>GhostTargets</Filter>
    </ClInclude>
    <ClInclude Include="GhostTargets\InkyTarget.h">
      <Filter>GhostTargets</Filter>
    </ClInclude>
    <ClInclude Include="GhostTargets\ClydeTarget.h">
      <Filter>GhostTargets</Filter>
    </ClInclude>
    <ClInclude Include="Maze\Movement.h">
      <Filter>Maze</Filter>
    </ClInclude>
    <ClInclude Include="GhostTargets\FixedTarget.h">
      <Filter>GhostTargets</Filter>
    </ClInclude>
    <ClInclude Include="Maze\Maze.h">
      <Filter>Maze</Filter>
    </ClInclude>
    <ClInclude Include="Core\AnimatedSprite.h">
      <Filter>Core</Filter>
    </ClInclude>
    <ClInclude Include="Core\Sound.h">
      <Filter>Core</Filter>
    </ClInclude>
    <ClInclude Include="Core\Sprite.h">
      <Filter>Core</Filter>
    </ClInclude>
    <ClInclude Include="Game\Game.h">
      <Filter>Game</Filter>
    </ClInclude>
    <ClInclude Include="Game\Level.h">
      <Filter>Game</Filter>
    </ClInclude>
    <ClInclude Include="Game\Hud.h">
      <Filter>Game</Filter>
    </ClInclude>
    <ClInclude Include="Game\ScoreManager.h">
      <Filter>Game</Filter>
    </ClInclude>
    <ClInclude Include="Maze\BaseMovement.h">
      <Filter>Maze</Filter>
    </ClInclude>
    <ClInclude Include="Maze\Base.h">
      <Filter>Maze</Filter>
    </ClInclude>
    <ClInclude Include="Game\GlobalSettings.h">
      <Filter>Game</Filter>
    </ClInclude>
  </ItemGroup>
  <ItemGroup>
    <Filter Include="Resources">
      <UniqueIdentifier>{ac24b216-4509-45c2-b9ea-6546f2b555ba}</UniqueIdentifier>
    </Filter>
    <Filter Include="Entities">
      <UniqueIdentifier>{3bda2118-01a2-4c4d-95b8-ff5df600944d}</UniqueIdentifier>
    </Filter>
    <Filter Include="Core">
      <UniqueIdentifier>{d1c9c855-e945-42a2-a3f7-068362faa7b5}</UniqueIdentifier>
    </Filter>
    <Filter Include="Maze">
      <UniqueIdentifier>{861831b4-259a-4feb-a26c-681c854f079d}</UniqueIdentifier>
    </Filter>
    <Filter Include="GhostTargets">
      <UniqueIdentifier>{d6bb607f-cf1a-4e14-b531-a09d2ebb023b}</UniqueIdentifier>
    </Filter>
    <Filter Include="Game">
      <UniqueIdentifier>{71eb6ffc-aea7-4541-bf18-77e1ab771474}</UniqueIdentifier>
    </Filter>
    <Filter Include="Resources\Mazes">
      <UniqueIdentifier>{1abfb598-1df8-4ad3-9364-8392cf3ae137}</UniqueIdentifier>
    </Filter>
    <Filter Include="Resources\Levels">
      <UniqueIdentifier>{63c9052a-2884-40c1-9e50-f23b2f4094ea}</UniqueIdentifier>
    </Filter>
  </ItemGroup>
  <ItemGroup>
    <Text Include="Output\Resources\Mazes\Maze01.txt">
      <Filter>Resources\Mazes</Filter>
    </Text>
    <Text Include="Output\Resources\Mazes\Maze02.txt">
      <Filter>Resources\Mazes</Filter>
    </Text>
    <Text Include="Output\Resources\Mazes\Maze03.txt">
      <Filter>Resources\Mazes</Filter>
    </Text>
  </ItemGroup>
  <ItemGroup>
    <Xml Include="Output\Resources\Mazes\Maze01.xml">
      <Filter>Resources\Mazes</Filter>
    </Xml>
    <Xml Include="Output\Resources\Levels\Level01.xml">
      <Filter>Resources\Levels</Filter>
    </Xml>
    <Xml Include="Output\Resources\Levels\Level02.xml">
      <Filter>Resources\Levels</Filter>
    </Xml>
    <Xml Include="Output\Resources\Levels\Level03.xml">
      <Filter>Resources\Levels</Filter>
    </Xml>
    <Xml Include="Output\Resources\Game.xml">
      <Filter>Resources</Filter>
    </Xml>
    <Xml Include="Output\Resources\Mazes\Maze02.xml">
      <Filter>Resources\Mazes</Filter>
    </Xml>
    <Xml Include="Output\Resources\Mazes\Maze03.xml">
      <Filter>Resources\Mazes</Filter>
    </Xml>
  </ItemGroup>
</Project>